
Microsoft Visual Studio Solution File, Format Version 12.00
# Visual Studio Version 17
VisualStudioVersion = 17.4.32916.344
MinimumVisualStudioVersion = 10.0.40219.1
Project("{9A19103F-16F7-4668-BE54-9A1E7A4F7556}") = "xConsole", "xConsole\xConsole.csproj", "{93256782-90C7-4DAC-957D-8AAE39F074E5}"
EndProject
Project("{9A19103F-16F7-4668-BE54-9A1E7A4F7556}") = "CharacterRecognition.Trainer", "CharacterRecognition.Trainer\CharacterRecognition.Trainer.csproj", "{59026A38-A507-4379-84B3-D5DF50D39F63}"
EndProject
Project("{9A19103F-16F7-4668-BE54-9A1E7A4F7556}") = "TrainerApp", "Trainer\TrainerApp.csproj", "{0C449224-8A21-4C4B-A72A-D7234C79EABD}"
EndProject
Global
	GlobalSection(SolutionConfigurationPlatforms) = preSolution
		Debug|Any CPU = Debug|Any CPU
		Debug|x64 = Debug|x64
		Release|Any CPU = Release|Any CPU
		Release|x64 = Release|x64
	EndGlobalSection
	GlobalSection(ProjectConfigurationPlatforms) = postSolution
		{93256782-90C7-4DAC-957D-8AAE39F074E5}.Debug|Any CPU.ActiveCfg = Debug|Any CPU
		{93256782-90C7-4DAC-957D-8AAE39F074E5}.Debug|Any CPU.Build.0 = Debug|Any CPU
		{93256782-90C7-4DAC-957D-8AAE39F074E5}.Debug|x64.ActiveCfg = Debug|x64
		{93256782-90C7-4DAC-957D-8AAE39F074E5}.Debug|x64.Build.0 = Debug|x64
		{93256782-90C7-4DAC-957D-8AAE39F074E5}.Release|Any CPU.ActiveCfg = Release|Any CPU
		{93256782-90C7-4DAC-957D-8AAE39F074E5}.Release|Any CPU.Build.0 = Release|Any CPU
		{93256782-90C7-4DAC-957D-8AAE39F074E5}.Release|x64.ActiveCfg = Release|x64
		{93256782-90C7-4DAC-957D-8AAE39F074E5}.Release|x64.Build.0 = Release|x64
		{59026A38-A507-4379-84B3-D5DF50D39F63}.Debug|Any CPU.ActiveCfg = Debug|Any CPU
		{59026A38-A507-4379-84B3-D5DF50D39F63}.Debug|Any CPU.Build.0 = Debug|Any CPU
		{59026A38-A507-4379-84B3-D5DF50D39F63}.Debug|x64.ActiveCfg = Debug|x64
		{59026A38-A507-4379-84B3-D5DF50D39F63}.Debug|x64.Build.0 = Debug|x64
		{59026A38-A507-4379-84B3-D5DF50D39F63}.Release|Any CPU.ActiveCfg = Release|Any CPU
		{59026A38-A507-4379-84B3-D5DF50D39F63}.Release|Any CPU.Build.0 = Release|Any CPU
		{59026A38-A507-4379-84B3-D5DF50D39F63}.Release|x64.ActiveCfg = Release|x64
		{59026A38-A507-4379-84B3-D5DF50D39F63}.Release|x64.Build.0 = Release|x64
		{0C449224-8A21-4C4B-A72A-D7234C79EABD}.Debug|Any CPU.ActiveCfg = Debug|Any CPU
		{0C449224-8A21-4C4B-A72A-D7234C79EABD}.Debug|Any CPU.Build.0 = Debug|Any CPU
		{0C449224-8A21-4C4B-A72A-D7234C79EABD}.Debug|x64.ActiveCfg = Debug|Any CPU
		{0C449224-8A21-4C4B-A72A-D7234C79EABD}.Debug|x64.Build.0 = Debug|Any CPU
		{0C449224-8A21-4C4B-A72A-D7234C79EABD}.Release|Any CPU.ActiveCfg = Release|Any CPU
		{0C449224-8A21-4C4B-A72A-D7234C79EABD}.Release|Any CPU.Build.0 = Release|Any CPU
		{0C449224-8A21-4C4B-A72A-D7234C79EABD}.Release|x64.ActiveCfg = Release|Any CPU
		{0C449224-8A21-4C4B-A72A-D7234C79EABD}.Release|x64.Build.0 = Release|Any CPU
	EndGlobalSection
	GlobalSection(SolutionProperties) = preSolution
		HideSolutionNode = FALSE
	EndGlobalSection
	GlobalSection(ExtensibilityGlobals) = postSolution
		SolutionGuid = {133BFF81-910C-45F9-8B55-01DB5B3911DE}
	EndGlobalSection
EndGlobal
